
Microsoft Visual Studio Solution File, Format Version 12.00
# Visual Studio 15
VisualStudioVersion = 15.0.26430.15
MinimumVisualStudioVersion = 10.0.40219.1
Project("{FAE04EC0-301F-11D3-BF4B-00C04F79EFBC}") = "Professor Search", "Professor Search\Professor Search.csproj", "{12F50835-BB43-4291-87A0-E7C8E410AF01}"
EndProject
Global
	GlobalSection(SolutionConfigurationPlatforms) = preSolution
		Debug|Any CPU = Debug|Any CPU
		Release|Any CPU = Release|Any CPU
	EndGlobalSection
	GlobalSection(ProjectConfigurationPlatforms) = postSolution
		{12F50835-BB43-4291-87A0-E7C8E410AF01}.Debug|Any CPU.ActiveCfg = Debug|Any CPU
		{12F50835-BB43-4291-87A0-E7C8E410AF01}.Debug|Any CPU.Build.0 = Debug|Any CPU
		{12F50835-BB43-4291-87A0-E7C8E410AF01}.Release|Any CPU.ActiveCfg = Release|Any CPU
		{12F50835-BB43-4291-87A0-E7C8E410AF01}.Release|Any CPU.Build.0 = Release|Any CPU
	EndGlobalSection
	GlobalSection(SolutionProperties) = preSolution
		HideSolutionNode = FALSE
	EndGlobalSection
EndGlobal
