
Microsoft Visual Studio Solution File, Format Version 12.00
# Visual Studio 15
VisualStudioVersion = 15.0.28010.2016
MinimumVisualStudioVersion = 10.0.40219.1
Project("{FAE04EC0-301F-11D3-BF4B-00C04F79EFBC}") = "Decision-HW", "Decision-HW\Decision-HW.csproj", "{00819F22-B1A0-482A-BA1A-9B84557DF2A5}"
EndProject
Global
	GlobalSection(SolutionConfigurationPlatforms) = preSolution
		Debug|Any CPU = Debug|Any CPU
		Release|Any CPU = Release|Any CPU
	EndGlobalSection
	GlobalSection(ProjectConfigurationPlatforms) = postSolution
		{00819F22-B1A0-482A-BA1A-9B84557DF2A5}.Debug|Any CPU.ActiveCfg = Debug|Any CPU
		{00819F22-B1A0-482A-BA1A-9B84557DF2A5}.Debug|Any CPU.Build.0 = Debug|Any CPU
		{00819F22-B1A0-482A-BA1A-9B84557DF2A5}.Release|Any CPU.ActiveCfg = Release|Any CPU
		{00819F22-B1A0-482A-BA1A-9B84557DF2A5}.Release|Any CPU.Build.0 = Release|Any CPU
	EndGlobalSection
	GlobalSection(SolutionProperties) = preSolution
		HideSolutionNode = FALSE
	EndGlobalSection
	GlobalSection(ExtensibilityGlobals) = postSolution
		SolutionGuid = {B53E1F84-7375-4E92-845D-83769DBA91E5}
	EndGlobalSection
EndGlobal
