
Microsoft Visual Studio Solution File, Format Version 12.00
# Visual Studio 15
VisualStudioVersion = 15.0.28010.2016
MinimumVisualStudioVersion = 10.0.40219.1
Project("{FAE04EC0-301F-11D3-BF4B-00C04F79EFBC}") = "Color Theme", "Color Theme\Color Theme.csproj", "{62009A19-E68F-471D-973C-36AF8DD6977F}"
EndProject
Global
	GlobalSection(SolutionConfigurationPlatforms) = preSolution
		Debug|Any CPU = Debug|Any CPU
		Release|Any CPU = Release|Any CPU
	EndGlobalSection
	GlobalSection(ProjectConfigurationPlatforms) = postSolution
		{62009A19-E68F-471D-973C-36AF8DD6977F}.Debug|Any CPU.ActiveCfg = Debug|Any CPU
		{62009A19-E68F-471D-973C-36AF8DD6977F}.Debug|Any CPU.Build.0 = Debug|Any CPU
		{62009A19-E68F-471D-973C-36AF8DD6977F}.Release|Any CPU.ActiveCfg = Release|Any CPU
		{62009A19-E68F-471D-973C-36AF8DD6977F}.Release|Any CPU.Build.0 = Release|Any CPU
	EndGlobalSection
	GlobalSection(SolutionProperties) = preSolution
		HideSolutionNode = FALSE
	EndGlobalSection
	GlobalSection(ExtensibilityGlobals) = postSolution
		SolutionGuid = {7710B60D-8B0B-4678-BBBD-97ECBC4FC39F}
	EndGlobalSection
EndGlobal
