
Microsoft Visual Studio Solution File, Format Version 12.00
# Visual Studio 15
VisualStudioVersion = 15.0.28010.2019
MinimumVisualStudioVersion = 10.0.40219.1
Project("{FAE04EC0-301F-11D3-BF4B-00C04F79EFBC}") = "Loop Review", "Loop Review\Loop Review.csproj", "{D72F8018-7540-4132-BF42-CB941AD66333}"
EndProject
Global
	GlobalSection(SolutionConfigurationPlatforms) = preSolution
		Debug|Any CPU = Debug|Any CPU
		Release|Any CPU = Release|Any CPU
	EndGlobalSection
	GlobalSection(ProjectConfigurationPlatforms) = postSolution
		{D72F8018-7540-4132-BF42-CB941AD66333}.Debug|Any CPU.ActiveCfg = Debug|Any CPU
		{D72F8018-7540-4132-BF42-CB941AD66333}.Debug|Any CPU.Build.0 = Debug|Any CPU
		{D72F8018-7540-4132-BF42-CB941AD66333}.Release|Any CPU.ActiveCfg = Release|Any CPU
		{D72F8018-7540-4132-BF42-CB941AD66333}.Release|Any CPU.Build.0 = Release|Any CPU
	EndGlobalSection
	GlobalSection(SolutionProperties) = preSolution
		HideSolutionNode = FALSE
	EndGlobalSection
	GlobalSection(ExtensibilityGlobals) = postSolution
		SolutionGuid = {24846685-E3EF-46C1-9791-59C25E76E48E}
	EndGlobalSection
EndGlobal
