
Microsoft Visual Studio Solution File, Format Version 12.00
# Visual Studio 15
VisualStudioVersion = 15.0.27703.2042
MinimumVisualStudioVersion = 10.0.40219.1
Project("{FAE04EC0-301F-11D3-BF4B-00C04F79EFBC}") = "C Sharp Homework", "C Sharp Homework\C Sharp Homework.csproj", "{D499C121-D5F1-467F-8191-FF8B93873226}"
EndProject
Global
	GlobalSection(SolutionConfigurationPlatforms) = preSolution
		Debug|Any CPU = Debug|Any CPU
		Release|Any CPU = Release|Any CPU
	EndGlobalSection
	GlobalSection(ProjectConfigurationPlatforms) = postSolution
		{D499C121-D5F1-467F-8191-FF8B93873226}.Debug|Any CPU.ActiveCfg = Debug|Any CPU
		{D499C121-D5F1-467F-8191-FF8B93873226}.Debug|Any CPU.Build.0 = Debug|Any CPU
		{D499C121-D5F1-467F-8191-FF8B93873226}.Release|Any CPU.ActiveCfg = Release|Any CPU
		{D499C121-D5F1-467F-8191-FF8B93873226}.Release|Any CPU.Build.0 = Release|Any CPU
	EndGlobalSection
	GlobalSection(SolutionProperties) = preSolution
		HideSolutionNode = FALSE
	EndGlobalSection
	GlobalSection(ExtensibilityGlobals) = postSolution
		SolutionGuid = {102655B9-8EC2-4AA6-94E3-60E4EBA3C273}
	EndGlobalSection
EndGlobal
