
Microsoft Visual Studio Solution File, Format Version 12.00
# Visual Studio 15
VisualStudioVersion = 15.0.28010.2019
MinimumVisualStudioVersion = 10.0.40219.1
Project("{FAE04EC0-301F-11D3-BF4B-00C04F79EFBC}") = "Array-RevHW", "Array-RevHW\Array-RevHW.csproj", "{54CB9B64-0F5D-46A2-97DD-E8BF2EE6C91B}"
EndProject
Global
	GlobalSection(SolutionConfigurationPlatforms) = preSolution
		Debug|Any CPU = Debug|Any CPU
		Release|Any CPU = Release|Any CPU
	EndGlobalSection
	GlobalSection(ProjectConfigurationPlatforms) = postSolution
		{54CB9B64-0F5D-46A2-97DD-E8BF2EE6C91B}.Debug|Any CPU.ActiveCfg = Debug|Any CPU
		{54CB9B64-0F5D-46A2-97DD-E8BF2EE6C91B}.Debug|Any CPU.Build.0 = Debug|Any CPU
		{54CB9B64-0F5D-46A2-97DD-E8BF2EE6C91B}.Release|Any CPU.ActiveCfg = Release|Any CPU
		{54CB9B64-0F5D-46A2-97DD-E8BF2EE6C91B}.Release|Any CPU.Build.0 = Release|Any CPU
	EndGlobalSection
	GlobalSection(SolutionProperties) = preSolution
		HideSolutionNode = FALSE
	EndGlobalSection
	GlobalSection(ExtensibilityGlobals) = postSolution
		SolutionGuid = {1E26B738-D53F-486F-8B4C-275409FE8EB3}
	EndGlobalSection
EndGlobal
