
Microsoft Visual Studio Solution File, Format Version 12.00
# Visual Studio 15
VisualStudioVersion = 15.0.28010.2050
MinimumVisualStudioVersion = 10.0.40219.1
Project("{FAE04EC0-301F-11D3-BF4B-00C04F79EFBC}") = "Console-HW", "Console-HW\Console-HW.csproj", "{77D367E6-C1A7-4E6E-A5E5-5C84751D44FC}"
EndProject
Global
	GlobalSection(SolutionConfigurationPlatforms) = preSolution
		Debug|Any CPU = Debug|Any CPU
		Release|Any CPU = Release|Any CPU
	EndGlobalSection
	GlobalSection(ProjectConfigurationPlatforms) = postSolution
		{77D367E6-C1A7-4E6E-A5E5-5C84751D44FC}.Debug|Any CPU.ActiveCfg = Debug|Any CPU
		{77D367E6-C1A7-4E6E-A5E5-5C84751D44FC}.Debug|Any CPU.Build.0 = Debug|Any CPU
		{77D367E6-C1A7-4E6E-A5E5-5C84751D44FC}.Release|Any CPU.ActiveCfg = Release|Any CPU
		{77D367E6-C1A7-4E6E-A5E5-5C84751D44FC}.Release|Any CPU.Build.0 = Release|Any CPU
	EndGlobalSection
	GlobalSection(SolutionProperties) = preSolution
		HideSolutionNode = FALSE
	EndGlobalSection
	GlobalSection(ExtensibilityGlobals) = postSolution
		SolutionGuid = {55869A8D-5FDB-4280-AAE1-AA66E0D7397B}
	EndGlobalSection
EndGlobal
